// !$*UTF8*$!
{
	archiveVersion = 1;
	classes = {
	};
	objectVersion = 56;
	objects = {

/* Begin PBXBuildFile section */
		3D09EA8E287EEFB900163B32 /* SettingsTextFieldRow.swift in Sources */ = {isa = PBXBuildFile; fileRef = 3D09EA8D287EEFB900163B32 /* SettingsTextFieldRow.swift */; };
		3D09EA90287F1BF500163B32 /* SettingsFactory.swift in Sources */ = {isa = PBXBuildFile; fileRef = 3D09EA8F287F1BF500163B32 /* SettingsFactory.swift */; };
		3D172ED928A271BF00EEF85B /* CharacterArrays.swift in Sources */ = {isa = PBXBuildFile; fileRef = 3D172ED828A271BF00EEF85B /* CharacterArrays.swift */; };
		3D172EDB28A271F000EEF85B /* Alphabets.swift in Sources */ = {isa = PBXBuildFile; fileRef = 3D172EDA28A271F000EEF85B /* Alphabets.swift */; };
		3D172EDD28A2722000EEF85B /* FixedSetAlphabet.swift in Sources */ = {isa = PBXBuildFile; fileRef = 3D172EDC28A2722000EEF85B /* FixedSetAlphabet.swift */; };
		3D172EDF28A2722E00EEF85B /* NumericRangeAlphabet.swift in Sources */ = {isa = PBXBuildFile; fileRef = 3D172EDE28A2722E00EEF85B /* NumericRangeAlphabet.swift */; };
		3D172EE128A2724500EEF85B /* LanguageAlphabet.swift in Sources */ = {isa = PBXBuildFile; fileRef = 3D172EE028A2724500EEF85B /* LanguageAlphabet.swift */; };
		3D172EE328A2725000EEF85B /* DiceAlphabet.swift in Sources */ = {isa = PBXBuildFile; fileRef = 3D172EE228A2725000EEF85B /* DiceAlphabet.swift */; };
		3D172EE528A2726C00EEF85B /* RandomizerSettings.swift in Sources */ = {isa = PBXBuildFile; fileRef = 3D172EE428A2726C00EEF85B /* RandomizerSettings.swift */; };
		3D172EE728A2727700EEF85B /* AlphabetSettings.swift in Sources */ = {isa = PBXBuildFile; fileRef = 3D172EE628A2727700EEF85B /* AlphabetSettings.swift */; };
		3D1E5D11286CF01E00AA8049 /* BackgroundView.swift in Sources */ = {isa = PBXBuildFile; fileRef = 3D1E5D10286CF01E00AA8049 /* BackgroundView.swift */; };
		3D1E5D13286CF05300AA8049 /* SheetDragControlView.swift in Sources */ = {isa = PBXBuildFile; fileRef = 3D1E5D12286CF05300AA8049 /* SheetDragControlView.swift */; };
		3D2A4637286B7EA300E14C37 /* Colors.xcassets in Resources */ = {isa = PBXBuildFile; fileRef = 3D2A4636286B7EA300E14C37 /* Colors.xcassets */; };
		3D2A4639286B80AA00E14C37 /* Colors.swift in Sources */ = {isa = PBXBuildFile; fileRef = 3D2A4638286B80AA00E14C37 /* Colors.swift */; };
		3D46F3DA287F263D008097B3 /* SettingsPickerRow.swift in Sources */ = {isa = PBXBuildFile; fileRef = 3D46F3D9287F263D008097B3 /* SettingsPickerRow.swift */; };
		3D7C1728285D1C1D000FF11D /* GastuxRandomizerApp.swift in Sources */ = {isa = PBXBuildFile; fileRef = 3D7C1727285D1C1D000FF11D /* GastuxRandomizerApp.swift */; };
		3D7C172A285D1C1D000FF11D /* MainView.swift in Sources */ = {isa = PBXBuildFile; fileRef = 3D7C1729285D1C1D000FF11D /* MainView.swift */; };
		3D7C172C285D1C1E000FF11D /* Assets.xcassets in Resources */ = {isa = PBXBuildFile; fileRef = 3D7C172B285D1C1E000FF11D /* Assets.xcassets */; };
		3D7C172F285D1C1E000FF11D /* Preview Assets.xcassets in Resources */ = {isa = PBXBuildFile; fileRef = 3D7C172E285D1C1E000FF11D /* Preview Assets.xcassets */; };
		3D7C1739285E13F4000FF11D /* Localizable.strings in Resources */ = {isa = PBXBuildFile; fileRef = 3D7C173B285E13F4000FF11D /* Localizable.strings */; };
		3D7C173E285E156E000FF11D /* Randomizer.swift in Sources */ = {isa = PBXBuildFile; fileRef = 3D7C173D285E156E000FF11D /* Randomizer.swift */; };
		3D7C1742285FC872000FF11D /* HistoryView.swift in Sources */ = {isa = PBXBuildFile; fileRef = 3D7C1741285FC872000FF11D /* HistoryView.swift */; };
		3D8781E22874DB5600B622F3 /* SettingsView.swift in Sources */ = {isa = PBXBuildFile; fileRef = 3D8781E12874DB5600B622F3 /* SettingsView.swift */; };
		3D8C5346287B9C4300DEDE02 /* SettingsViewModel.swift in Sources */ = {isa = PBXBuildFile; fileRef = 3D8C5345287B9C4300DEDE02 /* SettingsViewModel.swift */; };
		3DF5C4A72870A4D900DFD1F1 /* Alphabet.swift in Sources */ = {isa = PBXBuildFile; fileRef = 3DF5C4A62870A4D900DFD1F1 /* Alphabet.swift */; };
		3DF5C4A92870A6BC00DFD1F1 /* Settings.swift in Sources */ = {isa = PBXBuildFile; fileRef = 3DF5C4A82870A6BC00DFD1F1 /* Settings.swift */; };
/* End PBXBuildFile section */

/* Begin PBXFileReference section */
		3D09EA8D287EEFB900163B32 /* SettingsTextFieldRow.swift */ = {isa = PBXFileReference; lastKnownFileType = sourcecode.swift; path = SettingsTextFieldRow.swift; sourceTree = "<group>"; };
		3D09EA8F287F1BF500163B32 /* SettingsFactory.swift */ = {isa = PBXFileReference; lastKnownFileType = sourcecode.swift; path = SettingsFactory.swift; sourceTree = "<group>"; };
		3D172ED828A271BF00EEF85B /* CharacterArrays.swift */ = {isa = PBXFileReference; lastKnownFileType = sourcecode.swift; path = CharacterArrays.swift; sourceTree = "<group>"; };
		3D172EDA28A271F000EEF85B /* Alphabets.swift */ = {isa = PBXFileReference; lastKnownFileType = sourcecode.swift; path = Alphabets.swift; sourceTree = "<group>"; };
		3D172EDC28A2722000EEF85B /* FixedSetAlphabet.swift */ = {isa = PBXFileReference; lastKnownFileType = sourcecode.swift; path = FixedSetAlphabet.swift; sourceTree = "<group>"; };
		3D172EDE28A2722E00EEF85B /* NumericRangeAlphabet.swift */ = {isa = PBXFileReference; lastKnownFileType = sourcecode.swift; path = NumericRangeAlphabet.swift; sourceTree = "<group>"; };
		3D172EE028A2724500EEF85B /* LanguageAlphabet.swift */ = {isa = PBXFileReference; lastKnownFileType = sourcecode.swift; path = LanguageAlphabet.swift; sourceTree = "<group>"; };
		3D172EE228A2725000EEF85B /* DiceAlphabet.swift */ = {isa = PBXFileReference; lastKnownFileType = sourcecode.swift; path = DiceAlphabet.swift; sourceTree = "<group>"; };
		3D172EE428A2726C00EEF85B /* RandomizerSettings.swift */ = {isa = PBXFileReference; lastKnownFileType = sourcecode.swift; path = RandomizerSettings.swift; sourceTree = "<group>"; };
		3D172EE628A2727700EEF85B /* AlphabetSettings.swift */ = {isa = PBXFileReference; lastKnownFileType = sourcecode.swift; path = AlphabetSettings.swift; sourceTree = "<group>"; };
		3D1E5D10286CF01E00AA8049 /* BackgroundView.swift */ = {isa = PBXFileReference; lastKnownFileType = sourcecode.swift; path = BackgroundView.swift; sourceTree = "<group>"; };
		3D1E5D12286CF05300AA8049 /* SheetDragControlView.swift */ = {isa = PBXFileReference; lastKnownFileType = sourcecode.swift; path = SheetDragControlView.swift; sourceTree = "<group>"; };
		3D2A4636286B7EA300E14C37 /* Colors.xcassets */ = {isa = PBXFileReference; lastKnownFileType = folder.assetcatalog; path = Colors.xcassets; sourceTree = "<group>"; };
		3D2A4638286B80AA00E14C37 /* Colors.swift */ = {isa = PBXFileReference; lastKnownFileType = sourcecode.swift; path = Colors.swift; sourceTree = "<group>"; };
		3D46F3D9287F263D008097B3 /* SettingsPickerRow.swift */ = {isa = PBXFileReference; lastKnownFileType = sourcecode.swift; path = SettingsPickerRow.swift; sourceTree = "<group>"; };
		3D7C1724285D1C1D000FF11D /* GastuxRandomizer.app */ = {isa = PBXFileReference; explicitFileType = wrapper.application; includeInIndex = 0; path = GastuxRandomizer.app; sourceTree = BUILT_PRODUCTS_DIR; };
		3D7C1727285D1C1D000FF11D /* GastuxRandomizerApp.swift */ = {isa = PBXFileReference; lastKnownFileType = sourcecode.swift; path = GastuxRandomizerApp.swift; sourceTree = "<group>"; };
		3D7C1729285D1C1D000FF11D /* MainView.swift */ = {isa = PBXFileReference; lastKnownFileType = sourcecode.swift; path = MainView.swift; sourceTree = "<group>"; };
		3D7C172B285D1C1E000FF11D /* Assets.xcassets */ = {isa = PBXFileReference; lastKnownFileType = folder.assetcatalog; path = Assets.xcassets; sourceTree = "<group>"; };
		3D7C172E285D1C1E000FF11D /* Preview Assets.xcassets */ = {isa = PBXFileReference; lastKnownFileType = folder.assetcatalog; path = "Preview Assets.xcassets"; sourceTree = "<group>"; };
		3D7C173A285E13F4000FF11D /* en */ = {isa = PBXFileReference; lastKnownFileType = text.plist.strings; name = en; path = en.lproj/Localizable.strings; sourceTree = "<group>"; };
		3D7C173C285E13F8000FF11D /* es */ = {isa = PBXFileReference; lastKnownFileType = text.plist.strings; name = es; path = es.lproj/Localizable.strings; sourceTree = "<group>"; };
		3D7C173D285E156E000FF11D /* Randomizer.swift */ = {isa = PBXFileReference; lastKnownFileType = sourcecode.swift; path = Randomizer.swift; sourceTree = "<group>"; };
		3D7C1741285FC872000FF11D /* HistoryView.swift */ = {isa = PBXFileReference; lastKnownFileType = sourcecode.swift; path = HistoryView.swift; sourceTree = "<group>"; };
		3D8781E12874DB5600B622F3 /* SettingsView.swift */ = {isa = PBXFileReference; lastKnownFileType = sourcecode.swift; path = SettingsView.swift; sourceTree = "<group>"; };
		3D8C5345287B9C4300DEDE02 /* SettingsViewModel.swift */ = {isa = PBXFileReference; lastKnownFileType = sourcecode.swift; path = SettingsViewModel.swift; sourceTree = "<group>"; };
		3DF5C4A62870A4D900DFD1F1 /* Alphabet.swift */ = {isa = PBXFileReference; lastKnownFileType = sourcecode.swift; path = Alphabet.swift; sourceTree = "<group>"; };
		3DF5C4A82870A6BC00DFD1F1 /* Settings.swift */ = {isa = PBXFileReference; lastKnownFileType = sourcecode.swift; path = Settings.swift; sourceTree = "<group>"; };
/* End PBXFileReference section */

/* Begin PBXFrameworksBuildPhase section */
		3D7C1721285D1C1D000FF11D /* Frameworks */ = {
			isa = PBXFrameworksBuildPhase;
			buildActionMask = 2147483647;
			files = (
			);
			runOnlyForDeploymentPostprocessing = 0;
		};
/* End PBXFrameworksBuildPhase section */

/* Begin PBXGroup section */
		3D172ED728A271AD00EEF85B /* Alphabets */ = {
			isa = PBXGroup;
			children = (
				3DF5C4A62870A4D900DFD1F1 /* Alphabet.swift */,
				3D172EDA28A271F000EEF85B /* Alphabets.swift */,
				3D172EDC28A2722000EEF85B /* FixedSetAlphabet.swift */,
				3D172EDE28A2722E00EEF85B /* NumericRangeAlphabet.swift */,
				3D172EE028A2724500EEF85B /* LanguageAlphabet.swift */,
				3D172EE228A2725000EEF85B /* DiceAlphabet.swift */,
				3D172ED828A271BF00EEF85B /* CharacterArrays.swift */,
			);
			path = Alphabets;
			sourceTree = "<group>";
		};
		3D172EE828A2728300EEF85B /* Settings */ = {
			isa = PBXGroup;
			children = (
				3DF5C4A82870A6BC00DFD1F1 /* Settings.swift */,
				3D172EE428A2726C00EEF85B /* RandomizerSettings.swift */,
				3D172EE628A2727700EEF85B /* AlphabetSettings.swift */,
			);
			path = Settings;
			sourceTree = "<group>";
		};
		3D172EE928A272C300EEF85B /* SubViews */ = {
			isa = PBXGroup;
			children = (
				3D09EA8D287EEFB900163B32 /* SettingsTextFieldRow.swift */,
				3D46F3D9287F263D008097B3 /* SettingsPickerRow.swift */,
			);
			path = SubViews;
			sourceTree = "<group>";
		};
		3D1E5D06286CECB900AA8049 /* Resources */ = {
			isa = PBXGroup;
			children = (
				3D1E5D07286CECD100AA8049 /* Colors */,
				3D7C172B285D1C1E000FF11D /* Assets.xcassets */,
				3D7C173B285E13F4000FF11D /* Localizable.strings */,
			);
			path = Resources;
			sourceTree = "<group>";
		};
		3D1E5D07286CECD100AA8049 /* Colors */ = {
			isa = PBXGroup;
			children = (
				3D2A4636286B7EA300E14C37 /* Colors.xcassets */,
				3D2A4638286B80AA00E14C37 /* Colors.swift */,
			);
			path = Colors;
			sourceTree = "<group>";
		};
		3D1E5D08286CECE100AA8049 /* Modules */ = {
			isa = PBXGroup;
			children = (
				3D1E5D0C286CEE3000AA8049 /* Settings */,
				3D1E5D0A286CECF700AA8049 /* History */,
				3D1E5D09286CECE700AA8049 /* Main */,
			);
			path = Modules;
			sourceTree = "<group>";
		};
		3D1E5D09286CECE700AA8049 /* Main */ = {
			isa = PBXGroup;
			children = (
				3D7C1729285D1C1D000FF11D /* MainView.swift */,
			);
			path = Main;
			sourceTree = "<group>";
		};
		3D1E5D0A286CECF700AA8049 /* History */ = {
			isa = PBXGroup;
			children = (
				3D7C1741285FC872000FF11D /* HistoryView.swift */,
			);
			path = History;
			sourceTree = "<group>";
		};
		3D1E5D0B286CED0200AA8049 /* Models */ = {
			isa = PBXGroup;
			children = (
				3D172EE828A2728300EEF85B /* Settings */,
				3D172ED728A271AD00EEF85B /* Alphabets */,
				3D7C173D285E156E000FF11D /* Randomizer.swift */,
			);
			path = Models;
			sourceTree = "<group>";
		};
		3D1E5D0C286CEE3000AA8049 /* Settings */ = {
			isa = PBXGroup;
			children = (
				3D172EE928A272C300EEF85B /* SubViews */,
				3D8781E12874DB5600B622F3 /* SettingsView.swift */,
				3D8C5345287B9C4300DEDE02 /* SettingsViewModel.swift */,
				3D09EA8F287F1BF500163B32 /* SettingsFactory.swift */,
			);
			path = Settings;
			sourceTree = "<group>";
		};
		3D1E5D0F286CF00900AA8049 /* Shared */ = {
			isa = PBXGroup;
			children = (
				3D1E5D10286CF01E00AA8049 /* BackgroundView.swift */,
				3D1E5D12286CF05300AA8049 /* SheetDragControlView.swift */,
			);
			path = Shared;
			sourceTree = "<group>";
		};
		3D7C171B285D1C1D000FF11D = {
			isa = PBXGroup;
			children = (
				3D7C1726285D1C1D000FF11D /* GastuxRandomizer */,
				3D7C1725285D1C1D000FF11D /* Products */,
			);
			sourceTree = "<group>";
		};
		3D7C1725285D1C1D000FF11D /* Products */ = {
			isa = PBXGroup;
			children = (
				3D7C1724285D1C1D000FF11D /* GastuxRandomizer.app */,
			);
			name = Products;
			sourceTree = "<group>";
		};
		3D7C1726285D1C1D000FF11D /* GastuxRandomizer */ = {
			isa = PBXGroup;
			children = (
				3D1E5D0F286CF00900AA8049 /* Shared */,
				3D7C1727285D1C1D000FF11D /* GastuxRandomizerApp.swift */,
				3D1E5D0B286CED0200AA8049 /* Models */,
				3D1E5D08286CECE100AA8049 /* Modules */,
				3D7C172D285D1C1E000FF11D /* Preview Content */,
				3D1E5D06286CECB900AA8049 /* Resources */,
			);
			path = GastuxRandomizer;
			sourceTree = "<group>";
		};
		3D7C172D285D1C1E000FF11D /* Preview Content */ = {
			isa = PBXGroup;
			children = (
				3D7C172E285D1C1E000FF11D /* Preview Assets.xcassets */,
			);
			path = "Preview Content";
			sourceTree = "<group>";
		};
/* End PBXGroup section */

/* Begin PBXNativeTarget section */
		3D7C1723285D1C1D000FF11D /* GastuxRandomizer */ = {
			isa = PBXNativeTarget;
			buildConfigurationList = 3D7C1732285D1C1E000FF11D /* Build configuration list for PBXNativeTarget "GastuxRandomizer" */;
			buildPhases = (
				3D7C1720285D1C1D000FF11D /* Sources */,
				3D7C1721285D1C1D000FF11D /* Frameworks */,
				3D7C1722285D1C1D000FF11D /* Resources */,
			);
			buildRules = (
			);
			dependencies = (
			);
			name = GastuxRandomizer;
			productName = GastuxRandomizer;
			productReference = 3D7C1724285D1C1D000FF11D /* GastuxRandomizer.app */;
			productType = "com.apple.product-type.application";
		};
/* End PBXNativeTarget section */

/* Begin PBXProject section */
		3D7C171C285D1C1D000FF11D /* Project object */ = {
			isa = PBXProject;
			attributes = {
				BuildIndependentTargetsInParallel = 1;
				LastSwiftUpdateCheck = 1400;
				LastUpgradeCheck = 1400;
				TargetAttributes = {
					3D7C1723285D1C1D000FF11D = {
						CreatedOnToolsVersion = 14.0;
					};
				};
			};
			buildConfigurationList = 3D7C171F285D1C1D000FF11D /* Build configuration list for PBXProject "GastuxRandomizer" */;
			compatibilityVersion = "Xcode 14.0";
			developmentRegion = en;
			hasScannedForEncodings = 0;
			knownRegions = (
				en,
				Base,
				es,
			);
			mainGroup = 3D7C171B285D1C1D000FF11D;
			productRefGroup = 3D7C1725285D1C1D000FF11D /* Products */;
			projectDirPath = "";
			projectRoot = "";
			targets = (
				3D7C1723285D1C1D000FF11D /* GastuxRandomizer */,
			);
		};
/* End PBXProject section */

/* Begin PBXResourcesBuildPhase section */
		3D7C1722285D1C1D000FF11D /* Resources */ = {
			isa = PBXResourcesBuildPhase;
			buildActionMask = 2147483647;
			files = (
				3D7C172F285D1C1E000FF11D /* Preview Assets.xcassets in Resources */,
				3D2A4637286B7EA300E14C37 /* Colors.xcassets in Resources */,
				3D7C1739285E13F4000FF11D /* Localizable.strings in Resources */,
				3D7C172C285D1C1E000FF11D /* Assets.xcassets in Resources */,
			);
			runOnlyForDeploymentPostprocessing = 0;
		};
/* End PBXResourcesBuildPhase section */

/* Begin PBXSourcesBuildPhase section */
		3D7C1720285D1C1D000FF11D /* Sources */ = {
			isa = PBXSourcesBuildPhase;
			buildActionMask = 2147483647;
			files = (
				3D172EE528A2726C00EEF85B /* RandomizerSettings.swift in Sources */,
				3D1E5D13286CF05300AA8049 /* SheetDragControlView.swift in Sources */,
				3D7C173E285E156E000FF11D /* Randomizer.swift in Sources */,
				3D46F3DA287F263D008097B3 /* SettingsPickerRow.swift in Sources */,
				3D8781E22874DB5600B622F3 /* SettingsView.swift in Sources */,
				3D172EE128A2724500EEF85B /* LanguageAlphabet.swift in Sources */,
				3D172EDF28A2722E00EEF85B /* NumericRangeAlphabet.swift in Sources */,
				3D2A4639286B80AA00E14C37 /* Colors.swift in Sources */,
				3D7C172A285D1C1D000FF11D /* MainView.swift in Sources */,
				3D09EA90287F1BF500163B32 /* SettingsFactory.swift in Sources */,
				3DF5C4A92870A6BC00DFD1F1 /* Settings.swift in Sources */,
				3D172EE728A2727700EEF85B /* AlphabetSettings.swift in Sources */,
				3D1E5D11286CF01E00AA8049 /* BackgroundView.swift in Sources */,
				3D172EE328A2725000EEF85B /* DiceAlphabet.swift in Sources */,
				3DF5C4A72870A4D900DFD1F1 /* Alphabet.swift in Sources */,
				3D7C1742285FC872000FF11D /* HistoryView.swift in Sources */,
				3D7C1728285D1C1D000FF11D /* GastuxRandomizerApp.swift in Sources */,
				3D172EDD28A2722000EEF85B /* FixedSetAlphabet.swift in Sources */,
				3D09EA8E287EEFB900163B32 /* SettingsTextFieldRow.swift in Sources */,
				3D8C5346287B9C4300DEDE02 /* SettingsViewModel.swift in Sources */,
				3D172EDB28A271F000EEF85B /* Alphabets.swift in Sources */,
				3D172ED928A271BF00EEF85B /* CharacterArrays.swift in Sources */,
			);
			runOnlyForDeploymentPostprocessing = 0;
		};
/* End PBXSourcesBuildPhase section */

/* Begin PBXVariantGroup section */
		3D7C173B285E13F4000FF11D /* Localizable.strings */ = {
			isa = PBXVariantGroup;
			children = (
				3D7C173A285E13F4000FF11D /* en */,
				3D7C173C285E13F8000FF11D /* es */,
			);
			name = Localizable.strings;
			sourceTree = "<group>";
		};
/* End PBXVariantGroup section */

/* Begin XCBuildConfiguration section */
		3D7C1730285D1C1E000FF11D /* Debug */ = {
			isa = XCBuildConfiguration;
			buildSettings = {
				ALWAYS_SEARCH_USER_PATHS = NO;
				CLANG_ANALYZER_NONNULL = YES;
				CLANG_ANALYZER_NUMBER_OBJECT_CONVERSION = YES_AGGRESSIVE;
				CLANG_CXX_LANGUAGE_STANDARD = "gnu++17";
				CLANG_ENABLE_MODULES = YES;
				CLANG_ENABLE_OBJC_ARC = YES;
				CLANG_ENABLE_OBJC_WEAK = YES;
				CLANG_WARN_BLOCK_CAPTURE_AUTORELEASING = YES;
				CLANG_WARN_BOOL_CONVERSION = YES;
				CLANG_WARN_COMMA = YES;
				CLANG_WARN_CONSTANT_CONVERSION = YES;
				CLANG_WARN_DEPRECATED_OBJC_IMPLEMENTATIONS = YES;
				CLANG_WARN_DIRECT_OBJC_ISA_USAGE = YES_ERROR;
				CLANG_WARN_DOCUMENTATION_COMMENTS = YES;
				CLANG_WARN_EMPTY_BODY = YES;
				CLANG_WARN_ENUM_CONVERSION = YES;
				CLANG_WARN_INFINITE_RECURSION = YES;
				CLANG_WARN_INT_CONVERSION = YES;
				CLANG_WARN_NON_LITERAL_NULL_CONVERSION = YES;
				CLANG_WARN_OBJC_IMPLICIT_RETAIN_SELF = YES;
				CLANG_WARN_OBJC_LITERAL_CONVERSION = YES;
				CLANG_WARN_OBJC_ROOT_CLASS = YES_ERROR;
				CLANG_WARN_QUOTED_INCLUDE_IN_FRAMEWORK_HEADER = YES;
				CLANG_WARN_RANGE_LOOP_ANALYSIS = YES;
				CLANG_WARN_STRICT_PROTOTYPES = YES;
				CLANG_WARN_SUSPICIOUS_MOVE = YES;
				CLANG_WARN_UNGUARDED_AVAILABILITY = YES_AGGRESSIVE;
				CLANG_WARN_UNREACHABLE_CODE = YES;
				CLANG_WARN__DUPLICATE_METHOD_MATCH = YES;
				COPY_PHASE_STRIP = NO;
				DEBUG_INFORMATION_FORMAT = dwarf;
				ENABLE_STRICT_OBJC_MSGSEND = YES;
				ENABLE_TESTABILITY = YES;
				GCC_C_LANGUAGE_STANDARD = gnu11;
				GCC_DYNAMIC_NO_PIC = NO;
				GCC_NO_COMMON_BLOCKS = YES;
				GCC_OPTIMIZATION_LEVEL = 0;
				GCC_PREPROCESSOR_DEFINITIONS = (
					"DEBUG=1",
					"$(inherited)",
				);
				GCC_WARN_64_TO_32_BIT_CONVERSION = YES;
				GCC_WARN_ABOUT_RETURN_TYPE = YES_ERROR;
				GCC_WARN_UNDECLARED_SELECTOR = YES;
				GCC_WARN_UNINITIALIZED_AUTOS = YES_AGGRESSIVE;
				GCC_WARN_UNUSED_FUNCTION = YES;
				GCC_WARN_UNUSED_VARIABLE = YES;
				IPHONEOS_DEPLOYMENT_TARGET = 16.0;
				MTL_ENABLE_DEBUG_INFO = INCLUDE_SOURCE;
				MTL_FAST_MATH = YES;
				ONLY_ACTIVE_ARCH = YES;
				SDKROOT = iphoneos;
				SWIFT_ACTIVE_COMPILATION_CONDITIONS = DEBUG;
				SWIFT_OPTIMIZATION_LEVEL = "-Onone";
			};
			name = Debug;
		};
		3D7C1731285D1C1E000FF11D /* Release */ = {
			isa = XCBuildConfiguration;
			buildSettings = {
				ALWAYS_SEARCH_USER_PATHS = NO;
				CLANG_ANALYZER_NONNULL = YES;
				CLANG_ANALYZER_NUMBER_OBJECT_CONVERSION = YES_AGGRESSIVE;
				CLANG_CXX_LANGUAGE_STANDARD = "gnu++17";
				CLANG_ENABLE_MODULES = YES;
				CLANG_ENABLE_OBJC_ARC = YES;
				CLANG_ENABLE_OBJC_WEAK = YES;
				CLANG_WARN_BLOCK_CAPTURE_AUTORELEASING = YES;
				CLANG_WARN_BOOL_CONVERSION = YES;
				CLANG_WARN_COMMA = YES;
				CLANG_WARN_CONSTANT_CONVERSION = YES;
				CLANG_WARN_DEPRECATED_OBJC_IMPLEMENTATIONS = YES;
				CLANG_WARN_DIRECT_OBJC_ISA_USAGE = YES_ERROR;
				CLANG_WARN_DOCUMENTATION_COMMENTS = YES;
				CLANG_WARN_EMPTY_BODY = YES;
				CLANG_WARN_ENUM_CONVERSION = YES;
				CLANG_WARN_INFINITE_RECURSION = YES;
				CLANG_WARN_INT_CONVERSION = YES;
				CLANG_WARN_NON_LITERAL_NULL_CONVERSION = YES;
				CLANG_WARN_OBJC_IMPLICIT_RETAIN_SELF = YES;
				CLANG_WARN_OBJC_LITERAL_CONVERSION = YES;
				CLANG_WARN_OBJC_ROOT_CLASS = YES_ERROR;
				CLANG_WARN_QUOTED_INCLUDE_IN_FRAMEWORK_HEADER = YES;
				CLANG_WARN_RANGE_LOOP_ANALYSIS = YES;
				CLANG_WARN_STRICT_PROTOTYPES = YES;
				CLANG_WARN_SUSPICIOUS_MOVE = YES;
				CLANG_WARN_UNGUARDED_AVAILABILITY = YES_AGGRESSIVE;
				CLANG_WARN_UNREACHABLE_CODE = YES;
				CLANG_WARN__DUPLICATE_METHOD_MATCH = YES;
				COPY_PHASE_STRIP = NO;
				DEBUG_INFORMATION_FORMAT = "dwarf-with-dsym";
				ENABLE_NS_ASSERTIONS = NO;
				ENABLE_STRICT_OBJC_MSGSEND = YES;
				GCC_C_LANGUAGE_STANDARD = gnu11;
				GCC_NO_COMMON_BLOCKS = YES;
				GCC_WARN_64_TO_32_BIT_CONVERSION = YES;
				GCC_WARN_ABOUT_RETURN_TYPE = YES_ERROR;
				GCC_WARN_UNDECLARED_SELECTOR = YES;
				GCC_WARN_UNINITIALIZED_AUTOS = YES_AGGRESSIVE;
				GCC_WARN_UNUSED_FUNCTION = YES;
				GCC_WARN_UNUSED_VARIABLE = YES;
				IPHONEOS_DEPLOYMENT_TARGET = 16.0;
				MTL_ENABLE_DEBUG_INFO = NO;
				MTL_FAST_MATH = YES;
				SDKROOT = iphoneos;
				SWIFT_COMPILATION_MODE = wholemodule;
				SWIFT_OPTIMIZATION_LEVEL = "-O";
				VALIDATE_PRODUCT = YES;
			};
			name = Release;
		};
		3D7C1733285D1C1E000FF11D /* Debug */ = {
			isa = XCBuildConfiguration;
			buildSettings = {
				ASSETCATALOG_COMPILER_APPICON_NAME = AppIcon;
				ASSETCATALOG_COMPILER_GLOBAL_ACCENT_COLOR_NAME = AccentColor;
				CODE_SIGN_STYLE = Automatic;
				CURRENT_PROJECT_VERSION = 1;
				DEVELOPMENT_ASSET_PATHS = "\"GastuxRandomizer/Preview Content\"";
				DEVELOPMENT_TEAM = 4ASCGNQNCX;
				ENABLE_PREVIEWS = YES;
				GENERATE_INFOPLIST_FILE = YES;
				INFOPLIST_KEY_UIApplicationSceneManifest_Generation = YES;
				INFOPLIST_KEY_UIApplicationSupportsIndirectInputEvents = YES;
				INFOPLIST_KEY_UILaunchScreen_Generation = YES;
				INFOPLIST_KEY_UISupportedInterfaceOrientations = UIInterfaceOrientationPortrait;
				INFOPLIST_KEY_UISupportedInterfaceOrientations_iPad = "UIInterfaceOrientationLandscapeLeft UIInterfaceOrientationLandscapeRight UIInterfaceOrientationPortraitUpsideDown";
				IPHONEOS_DEPLOYMENT_TARGET = 14.0;
				LD_RUNPATH_SEARCH_PATHS = (
					"$(inherited)",
					"@executable_path/Frameworks",
				);
				MARKETING_VERSION = 0.4.0;
				PRODUCT_BUNDLE_IDENTIFIER = ar.sobrevilla.GastuxRandomizer;
				PRODUCT_NAME = "$(TARGET_NAME)";
				SUPPORTED_PLATFORMS = "iphoneos iphonesimulator";
				SUPPORTS_MACCATALYST = NO;
				SUPPORTS_MAC_DESIGNED_FOR_IPHONE_IPAD = YES;
				SWIFT_EMIT_LOC_STRINGS = YES;
				SWIFT_VERSION = 5.0;
				TARGETED_DEVICE_FAMILY = 1;
			};
			name = Debug;
		};
		3D7C1734285D1C1E000FF11D /* Release */ = {
			isa = XCBuildConfiguration;
			buildSettings = {
				ASSETCATALOG_COMPILER_APPICON_NAME = AppIcon;
				ASSETCATALOG_COMPILER_GLOBAL_ACCENT_COLOR_NAME = AccentColor;
				CODE_SIGN_STYLE = Automatic;
				CURRENT_PROJECT_VERSION = 1;
				DEVELOPMENT_ASSET_PATHS = "\"GastuxRandomizer/Preview Content\"";
				DEVELOPMENT_TEAM = 4ASCGNQNCX;
				ENABLE_PREVIEWS = YES;
				GENERATE_INFOPLIST_FILE = YES;
				INFOPLIST_KEY_UIApplicationSceneManifest_Generation = YES;
				INFOPLIST_KEY_UIApplicationSupportsIndirectInputEvents = YES;
				INFOPLIST_KEY_UILaunchScreen_Generation = YES;
				INFOPLIST_KEY_UISupportedInterfaceOrientations = UIInterfaceOrientationPortrait;
				INFOPLIST_KEY_UISupportedInterfaceOrientations_iPad = "UIInterfaceOrientationLandscapeLeft UIInterfaceOrientationLandscapeRight UIInterfaceOrientationPortraitUpsideDown";
				IPHONEOS_DEPLOYMENT_TARGET = 14.0;
				LD_RUNPATH_SEARCH_PATHS = (
					"$(inherited)",
					"@executable_path/Frameworks",
				);
				MARKETING_VERSION = 0.4.0;
				PRODUCT_BUNDLE_IDENTIFIER = ar.sobrevilla.GastuxRandomizer;
				PRODUCT_NAME = "$(TARGET_NAME)";
				SUPPORTED_PLATFORMS = "iphoneos iphonesimulator";
				SUPPORTS_MACCATALYST = NO;
				SUPPORTS_MAC_DESIGNED_FOR_IPHONE_IPAD = YES;
				SWIFT_EMIT_LOC_STRINGS = YES;
				SWIFT_VERSION = 5.0;
				TARGETED_DEVICE_FAMILY = 1;
			};
			name = Release;
		};
/* End XCBuildConfiguration section */

/* Begin XCConfigurationList section */
		3D7C171F285D1C1D000FF11D /* Build configuration list for PBXProject "GastuxRandomizer" */ = {
			isa = XCConfigurationList;
			buildConfigurations = (
				3D7C1730285D1C1E000FF11D /* Debug */,
				3D7C1731285D1C1E000FF11D /* Release */,
			);
			defaultConfigurationIsVisible = 0;
			defaultConfigurationName = Release;
		};
		3D7C1732285D1C1E000FF11D /* Build configuration list for PBXNativeTarget "GastuxRandomizer" */ = {
			isa = XCConfigurationList;
			buildConfigurations = (
				3D7C1733285D1C1E000FF11D /* Debug */,
				3D7C1734285D1C1E000FF11D /* Release */,
			);
			defaultConfigurationIsVisible = 0;
			defaultConfigurationName = Release;
		};
/* End XCConfigurationList section */
	};
	rootObject = 3D7C171C285D1C1D000FF11D /* Project object */;
}
